
Microsoft Visual Studio Solution File, Format Version 12.00
# Visual Studio Version 17
VisualStudioVersion = 17.7.34031.279
MinimumVisualStudioVersion = 10.0.40219.1
Project("{FAE04EC0-301F-11D3-BF4B-00C04F79EFBC}") = "PatientManagement", "PatientManagement\PatientManagement.csproj", "{AA8FAB9E-36F2-4B56-86A4-90205C122EA7}"
EndProject
Global
	GlobalSection(SolutionConfigurationPlatforms) = preSolution
		Debug|Any CPU = Debug|Any CPU
		Release|Any CPU = Release|Any CPU
	EndGlobalSection
	GlobalSection(ProjectConfigurationPlatforms) = postSolution
		{AA8FAB9E-36F2-4B56-86A4-90205C122EA7}.Debug|Any CPU.ActiveCfg = Debug|Any CPU
		{AA8FAB9E-36F2-4B56-86A4-90205C122EA7}.Debug|Any CPU.Build.0 = Debug|Any CPU
		{AA8FAB9E-36F2-4B56-86A4-90205C122EA7}.Release|Any CPU.ActiveCfg = Release|Any CPU
		{AA8FAB9E-36F2-4B56-86A4-90205C122EA7}.Release|Any CPU.Build.0 = Release|Any CPU
	EndGlobalSection
	GlobalSection(SolutionProperties) = preSolution
		HideSolutionNode = FALSE
	EndGlobalSection
	GlobalSection(ExtensibilityGlobals) = postSolution
		SolutionGuid = {8818F78B-4A0F-4E99-9585-59151B135829}
	EndGlobalSection
EndGlobal
